
Microsoft Visual Studio Solution File, Format Version 12.00
# Visual Studio Version 17
VisualStudioVersion = 17.11.35222.181
MinimumVisualStudioVersion = 10.0.40219.1
Project("{FAE04EC0-301F-11D3-BF4B-00C04F79EFBC}") = "BeanBinaryConvertLib", "BeanBinaryConvertLib\BeanBinaryConvertLib.csproj", "{0D5ABBF1-A230-4633-B068-5DFC34D91780}"
EndProject
Global
	GlobalSection(SolutionConfigurationPlatforms) = preSolution
		Debug|Any CPU = Debug|Any CPU
		Release|Any CPU = Release|Any CPU
	EndGlobalSection
	GlobalSection(ProjectConfigurationPlatforms) = postSolution
		{0D5ABBF1-A230-4633-B068-5DFC34D91780}.Debug|Any CPU.ActiveCfg = Debug|Any CPU
		{0D5ABBF1-A230-4633-B068-5DFC34D91780}.Debug|Any CPU.Build.0 = Debug|Any CPU
		{0D5ABBF1-A230-4633-B068-5DFC34D91780}.Release|Any CPU.ActiveCfg = Release|Any CPU
		{0D5ABBF1-A230-4633-B068-5DFC34D91780}.Release|Any CPU.Build.0 = Release|Any CPU
	EndGlobalSection
	GlobalSection(SolutionProperties) = preSolution
		HideSolutionNode = FALSE
	EndGlobalSection
	GlobalSection(ExtensibilityGlobals) = postSolution
		SolutionGuid = {8BD36332-882D-4142-AE81-F2C079E04713}
	EndGlobalSection
EndGlobal
